{
    "_readme": [
        "This file locks the dependencies of your project to a known state",
        "Read more about it at https://getcomposer.org/doc/01-basic-usage.md#installing-dependencies",
        "This file is @generated automatically"
    ],
    "content-hash": "491b907d2b001b498b079459318f13ba",
    "packages": [
        {
            "name": "moneyphp/money",
            "version": "v3.2.0",
            "source": {
                "type": "git",
                "url": "https://github.com/moneyphp/money.git",
                "reference": "53ce6e4b9a2aac6e5194a0a633b7a556a6b04b07"
            },
            "dist": {
                "type": "zip",
                "url": "https://api.github.com/repos/moneyphp/money/zipball/53ce6e4b9a2aac6e5194a0a633b7a556a6b04b07",
                "reference": "53ce6e4b9a2aac6e5194a0a633b7a556a6b04b07",
                "shasum": ""
            },
            "require": {
                "php": ">=5.6"
            },
            "require-dev": {
                "cache/taggable-cache": "^0.4.0",
                "doctrine/instantiator": "^1.0.5",
                "ext-bcmath": "*",
                "ext-gmp": "*",
                "ext-intl": "*",
                "florianv/exchanger": "^1.0",
                "florianv/swap": "^3.0",
                "leanphp/phpspec-code-coverage": "^3.0 || ^4.0",
                "moneyphp/iso-currencies": "^3.0",
                "php-http/message": "^1.4",
                "php-http/mock-client": "^1.0.0",
                "phpspec/phpspec": "^3.0",
                "phpunit/phpunit": "^5.7 || ^6.4 || ^7.0",
                "psr/cache": "^1.0",
                "symfony/phpunit-bridge": "^4"
            },
            "suggest": {
                "ext-bcmath": "Calculate without integer limits",
                "ext-gmp": "Calculate without integer limits",
                "ext-intl": "Format Money objects with intl",
                "florianv/exchanger": "Exchange rates library for PHP",
                "florianv/swap": "Exchange rates library for PHP",
                "psr/cache-implementation": "Used for Currency caching"
            },
            "type": "library",
            "extra": {
                "branch-alias": {
                    "dev-master": "3.0-dev"
                }
            },
            "autoload": {
                "psr-4": {
                    "Money\\": "src/"
                }
            },
            "notification-url": "https://packagist.org/downloads/",
            "license": [
                "MIT"
            ],
            "authors": [
                {
                    "name": "Márk Sági-Kazár",
                    "email": "mark.sagikazar@gmail.com"
                },
                {
                    "name": "Mathias Verraes",
                    "email": "mathias@verraes.net",
                    "homepage": "http://verraes.net"
                },
                {
                    "name": "Frederik Bosch",
                    "email": "f.bosch@genkgo.nl"
                }
            ],
            "description": "PHP implementation of Fowler's Money pattern",
            "homepage": "http://moneyphp.org",
            "keywords": [
                "Value Object",
                "money",
                "vo"
            ],
            "time": "2018-12-05T12:17:01+00:00"
        }
    ],
    "packages-dev": [],
    "aliases": [],
    "minimum-stability": "stable",
    "stability-flags": [],
    "prefer-stable": false,
    "prefer-lowest": false,
    "platform": [],
    "platform-dev": []
}
